
Microsoft Visual Studio Solution File, Format Version 12.00
# Visual Studio Version 16
VisualStudioVersion = 16.0.30804.86
MinimumVisualStudioVersion = 10.0.40219.1
Project("{9A19103F-16F7-4668-BE54-9A1E7A4F7556}") = "Updator", "Updator.csproj", "{6759C2A5-89CF-4E3A-B7CA-8BFEB7FAE2B5}"
EndProject
Global
	GlobalSection(SolutionConfigurationPlatforms) = preSolution
		Debug|Any CPU = Debug|Any CPU
		Release|Any CPU = Release|Any CPU
	EndGlobalSection
	GlobalSection(ProjectConfigurationPlatforms) = postSolution
		{6759C2A5-89CF-4E3A-B7CA-8BFEB7FAE2B5}.Debug|Any CPU.ActiveCfg = Debug|Any CPU
		{6759C2A5-89CF-4E3A-B7CA-8BFEB7FAE2B5}.Debug|Any CPU.Build.0 = Debug|Any CPU
		{6759C2A5-89CF-4E3A-B7CA-8BFEB7FAE2B5}.Release|Any CPU.ActiveCfg = Release|Any CPU
		{6759C2A5-89CF-4E3A-B7CA-8BFEB7FAE2B5}.Release|Any CPU.Build.0 = Release|Any CPU
	EndGlobalSection
	GlobalSection(SolutionProperties) = preSolution
		HideSolutionNode = FALSE
	EndGlobalSection
	GlobalSection(ExtensibilityGlobals) = postSolution
		SolutionGuid = {B1892688-99BF-4971-B068-F57FCDDD6DA1}
	EndGlobalSection
EndGlobal
