
Microsoft Visual Studio Solution File, Format Version 12.00
# Visual Studio Version 16
VisualStudioVersion = 16.0.30804.86
MinimumVisualStudioVersion = 10.0.40219.1
Project("{9A19103F-16F7-4668-BE54-9A1E7A4F7556}") = "k3na_voice", "k3na_voice.csproj", "{52CBEE58-429C-4F5F-88E3-69CF4544B2FD}"
EndProject
Global
	GlobalSection(SolutionConfigurationPlatforms) = preSolution
		Debug|Any CPU = Debug|Any CPU
		Release|Any CPU = Release|Any CPU
	EndGlobalSection
	GlobalSection(ProjectConfigurationPlatforms) = postSolution
		{52CBEE58-429C-4F5F-88E3-69CF4544B2FD}.Debug|Any CPU.ActiveCfg = Debug|Any CPU
		{52CBEE58-429C-4F5F-88E3-69CF4544B2FD}.Debug|Any CPU.Build.0 = Debug|Any CPU
		{52CBEE58-429C-4F5F-88E3-69CF4544B2FD}.Release|Any CPU.ActiveCfg = Release|Any CPU
		{52CBEE58-429C-4F5F-88E3-69CF4544B2FD}.Release|Any CPU.Build.0 = Release|Any CPU
	EndGlobalSection
	GlobalSection(SolutionProperties) = preSolution
		HideSolutionNode = FALSE
	EndGlobalSection
	GlobalSection(ExtensibilityGlobals) = postSolution
		SolutionGuid = {45486957-605C-4435-8E36-925A4D767D78}
	EndGlobalSection
EndGlobal
